// !$*UTF8*$!
{
	archiveVersion = 1;
	classes = {
	};
	objectVersion = 46;
	objects = {

/* Begin PBXBuildFile section */
		0432BF571E877FA5002FF000 /* ComponentType.swift in Sources */ = {isa = PBXBuildFile; fileRef = 0432BF561E877FA5002FF000 /* ComponentType.swift */; };
		0432BF591E877FC8002FF000 /* Facility.swift in Sources */ = {isa = PBXBuildFile; fileRef = 0432BF581E877FC8002FF000 /* Facility.swift */; };
		0432BF5B1E877FF5002FF000 /* FacilityType.swift in Sources */ = {isa = PBXBuildFile; fileRef = 0432BF5A1E877FF5002FF000 /* FacilityType.swift */; };
		0432BF5D1E878011002FF000 /* Instructor.swift in Sources */ = {isa = PBXBuildFile; fileRef = 0432BF5C1E878011002FF000 /* Instructor.swift */; };
		0432BF5F1E878028002FF000 /* Issue.swift in Sources */ = {isa = PBXBuildFile; fileRef = 0432BF5E1E878028002FF000 /* Issue.swift */; };
		0432BF611E87803B002FF000 /* IssueStatus.swift in Sources */ = {isa = PBXBuildFile; fileRef = 0432BF601E87803B002FF000 /* IssueStatus.swift */; };
		0432BF631E87804A002FF000 /* Relationship.swift in Sources */ = {isa = PBXBuildFile; fileRef = 0432BF621E87804A002FF000 /* Relationship.swift */; };
		0432BF651E87805D002FF000 /* Student.swift in Sources */ = {isa = PBXBuildFile; fileRef = 0432BF641E87805D002FF000 /* Student.swift */; };
		0432BF671E878087002FF000 /* User.swift in Sources */ = {isa = PBXBuildFile; fileRef = 0432BF661E878087002FF000 /* User.swift */; };
		0432BF691E878099002FF000 /* UserReferences.swift in Sources */ = {isa = PBXBuildFile; fileRef = 0432BF681E878099002FF000 /* UserReferences.swift */; };
		04BEB7F31E878437007BA84C /* Constants.swift in Sources */ = {isa = PBXBuildFile; fileRef = 04BEB7F21E878437007BA84C /* Constants.swift */; };
		04BEB7F51E8784DB007BA84C /* FirServices.swift in Sources */ = {isa = PBXBuildFile; fileRef = 04BEB7F41E8784DB007BA84C /* FirServices.swift */; };
		04E809981E8892D500E5C7E0 /* PostParameter.swift in Sources */ = {isa = PBXBuildFile; fileRef = 04E809971E8892D500E5C7E0 /* PostParameter.swift */; };
		F59022B61E84BB6F00728B9E /* AppDelegate.swift in Sources */ = {isa = PBXBuildFile; fileRef = F59022B51E84BB6F00728B9E /* AppDelegate.swift */; };
		F59022B81E84BB6F00728B9E /* ViewController.swift in Sources */ = {isa = PBXBuildFile; fileRef = F59022B71E84BB6F00728B9E /* ViewController.swift */; };
		F59022BB1E84BB6F00728B9E /* Main.storyboard in Resources */ = {isa = PBXBuildFile; fileRef = F59022B91E84BB6F00728B9E /* Main.storyboard */; };
		F59022BD1E84BB6F00728B9E /* Assets.xcassets in Resources */ = {isa = PBXBuildFile; fileRef = F59022BC1E84BB6F00728B9E /* Assets.xcassets */; };
		F59022C01E84BB6F00728B9E /* LaunchScreen.storyboard in Resources */ = {isa = PBXBuildFile; fileRef = F59022BE1E84BB6F00728B9E /* LaunchScreen.storyboard */; };
		F59022D21E84FDE000728B9E /* LoginViewController.swift in Sources */ = {isa = PBXBuildFile; fileRef = F59022D11E84FDE000728B9E /* LoginViewController.swift */; };
		F59022D51E850C1000728B9E /* Uitls.swift in Sources */ = {isa = PBXBuildFile; fileRef = F59022D41E850C1000728B9E /* Uitls.swift */; };
/* End PBXBuildFile section */

/* Begin PBXFileReference section */
		0432BF561E877FA5002FF000 /* ComponentType.swift */ = {isa = PBXFileReference; fileEncoding = 4; lastKnownFileType = sourcecode.swift; path = ComponentType.swift; sourceTree = "<group>"; };
		0432BF581E877FC8002FF000 /* Facility.swift */ = {isa = PBXFileReference; fileEncoding = 4; lastKnownFileType = sourcecode.swift; path = Facility.swift; sourceTree = "<group>"; };
		0432BF5A1E877FF5002FF000 /* FacilityType.swift */ = {isa = PBXFileReference; fileEncoding = 4; lastKnownFileType = sourcecode.swift; path = FacilityType.swift; sourceTree = "<group>"; };
		0432BF5C1E878011002FF000 /* Instructor.swift */ = {isa = PBXFileReference; fileEncoding = 4; lastKnownFileType = sourcecode.swift; path = Instructor.swift; sourceTree = "<group>"; };
		0432BF5E1E878028002FF000 /* Issue.swift */ = {isa = PBXFileReference; fileEncoding = 4; lastKnownFileType = sourcecode.swift; path = Issue.swift; sourceTree = "<group>"; };
		0432BF601E87803B002FF000 /* IssueStatus.swift */ = {isa = PBXFileReference; fileEncoding = 4; lastKnownFileType = sourcecode.swift; path = IssueStatus.swift; sourceTree = "<group>"; };
		0432BF621E87804A002FF000 /* Relationship.swift */ = {isa = PBXFileReference; fileEncoding = 4; lastKnownFileType = sourcecode.swift; path = Relationship.swift; sourceTree = "<group>"; };
		0432BF641E87805D002FF000 /* Student.swift */ = {isa = PBXFileReference; fileEncoding = 4; lastKnownFileType = sourcecode.swift; path = Student.swift; sourceTree = "<group>"; };
		0432BF661E878087002FF000 /* User.swift */ = {isa = PBXFileReference; fileEncoding = 4; lastKnownFileType = sourcecode.swift; path = User.swift; sourceTree = "<group>"; };
		0432BF681E878099002FF000 /* UserReferences.swift */ = {isa = PBXFileReference; fileEncoding = 4; lastKnownFileType = sourcecode.swift; path = UserReferences.swift; sourceTree = "<group>"; };
		04BEB7F21E878437007BA84C /* Constants.swift */ = {isa = PBXFileReference; fileEncoding = 4; lastKnownFileType = sourcecode.swift; path = Constants.swift; sourceTree = "<group>"; };
		04BEB7F41E8784DB007BA84C /* FirServices.swift */ = {isa = PBXFileReference; fileEncoding = 4; lastKnownFileType = sourcecode.swift; path = FirServices.swift; sourceTree = "<group>"; };
		04E809971E8892D500E5C7E0 /* PostParameter.swift */ = {isa = PBXFileReference; fileEncoding = 4; lastKnownFileType = sourcecode.swift; path = PostParameter.swift; sourceTree = "<group>"; };
		F59022B21E84BB6F00728B9E /* mFIR.app */ = {isa = PBXFileReference; explicitFileType = wrapper.application; includeInIndex = 0; path = mFIR.app; sourceTree = BUILT_PRODUCTS_DIR; };
		F59022B51E84BB6F00728B9E /* AppDelegate.swift */ = {isa = PBXFileReference; lastKnownFileType = sourcecode.swift; path = AppDelegate.swift; sourceTree = "<group>"; };
		F59022B71E84BB6F00728B9E /* ViewController.swift */ = {isa = PBXFileReference; lastKnownFileType = sourcecode.swift; path = ViewController.swift; sourceTree = "<group>"; };
		F59022BA1E84BB6F00728B9E /* Base */ = {isa = PBXFileReference; lastKnownFileType = file.storyboard; name = Base; path = Base.lproj/Main.storyboard; sourceTree = "<group>"; };
		F59022BC1E84BB6F00728B9E /* Assets.xcassets */ = {isa = PBXFileReference; lastKnownFileType = folder.assetcatalog; path = Assets.xcassets; sourceTree = "<group>"; };
		F59022BF1E84BB6F00728B9E /* Base */ = {isa = PBXFileReference; lastKnownFileType = file.storyboard; name = Base; path = Base.lproj/LaunchScreen.storyboard; sourceTree = "<group>"; };
		F59022C11E84BB6F00728B9E /* Info.plist */ = {isa = PBXFileReference; lastKnownFileType = text.plist.xml; path = Info.plist; sourceTree = "<group>"; };
		F59022D11E84FDE000728B9E /* LoginViewController.swift */ = {isa = PBXFileReference; fileEncoding = 4; lastKnownFileType = sourcecode.swift; path = LoginViewController.swift; sourceTree = "<group>"; };
		F59022D41E850C1000728B9E /* Uitls.swift */ = {isa = PBXFileReference; fileEncoding = 4; lastKnownFileType = sourcecode.swift; path = Uitls.swift; sourceTree = "<group>"; };
/* End PBXFileReference section */

/* Begin PBXFrameworksBuildPhase section */
		F59022AF1E84BB6F00728B9E /* Frameworks */ = {
			isa = PBXFrameworksBuildPhase;
			buildActionMask = 2147483647;
			files = (
			);
			runOnlyForDeploymentPostprocessing = 0;
		};
/* End PBXFrameworksBuildPhase section */

/* Begin PBXGroup section */
		04BEB7F11E878421007BA84C /* constants */ = {
			isa = PBXGroup;
			children = (
				04BEB7F21E878437007BA84C /* Constants.swift */,
			);
			name = constants;
			sourceTree = "<group>";
		};
		F59022A91E84BB6F00728B9E = {
			isa = PBXGroup;
			children = (
				F59022B41E84BB6F00728B9E /* mFIR */,
				F59022B31E84BB6F00728B9E /* Products */,
			);
			sourceTree = "<group>";
		};
		F59022B31E84BB6F00728B9E /* Products */ = {
			isa = PBXGroup;
			children = (
				F59022B21E84BB6F00728B9E /* mFIR.app */,
			);
			name = Products;
			sourceTree = "<group>";
		};
		F59022B41E84BB6F00728B9E /* mFIR */ = {
			isa = PBXGroup;
			children = (
				F59022D31E85093C00728B9E /* untils */,
				F59022CB1E84BCB000728B9E /* callbacks */,
				F59022CA1E84BC9F00728B9E /* connection */,
				F59022C91E84BC8200728B9E /* coredata */,
				F59022C81E84BC4800728B9E /* models */,
				F59022C71E84BC3C00728B9E /* viewcontrollers */,
				F59022B51E84BB6F00728B9E /* AppDelegate.swift */,
				F59022B91E84BB6F00728B9E /* Main.storyboard */,
				F59022BC1E84BB6F00728B9E /* Assets.xcassets */,
				F59022BE1E84BB6F00728B9E /* LaunchScreen.storyboard */,
				F59022C11E84BB6F00728B9E /* Info.plist */,
			);
			path = mFIR;
			sourceTree = "<group>";
		};
		F59022C71E84BC3C00728B9E /* viewcontrollers */ = {
			isa = PBXGroup;
			children = (
				F59022B71E84BB6F00728B9E /* ViewController.swift */,
				F59022D11E84FDE000728B9E /* LoginViewController.swift */,
			);
			name = viewcontrollers;
			sourceTree = "<group>";
		};
		F59022C81E84BC4800728B9E /* models */ = {
			isa = PBXGroup;
			children = (
				0432BF561E877FA5002FF000 /* ComponentType.swift */,
				0432BF581E877FC8002FF000 /* Facility.swift */,
				0432BF5A1E877FF5002FF000 /* FacilityType.swift */,
				0432BF5C1E878011002FF000 /* Instructor.swift */,
				0432BF5E1E878028002FF000 /* Issue.swift */,
				0432BF601E87803B002FF000 /* IssueStatus.swift */,
				0432BF621E87804A002FF000 /* Relationship.swift */,
				0432BF641E87805D002FF000 /* Student.swift */,
				0432BF661E878087002FF000 /* User.swift */,
				0432BF681E878099002FF000 /* UserReferences.swift */,
				04E809971E8892D500E5C7E0 /* PostParameter.swift */,
			);
			name = models;
			sourceTree = "<group>";
		};
		F59022C91E84BC8200728B9E /* coredata */ = {
			isa = PBXGroup;
			children = (
			);
			name = coredata;
			sourceTree = "<group>";
		};
		F59022CA1E84BC9F00728B9E /* connection */ = {
			isa = PBXGroup;
			children = (
				04BEB7F41E8784DB007BA84C /* FirServices.swift */,
			);
			name = connection;
			sourceTree = "<group>";
		};
		F59022CB1E84BCB000728B9E /* callbacks */ = {
			isa = PBXGroup;
			children = (
			);
			name = callbacks;
			sourceTree = "<group>";
		};
		F59022D31E85093C00728B9E /* untils */ = {
			isa = PBXGroup;
			children = (
				F59022D41E850C1000728B9E /* Uitls.swift */,
			);
			name = untils;
			sourceTree = "<group>";
		};
/* End PBXGroup section */

/* Begin PBXNativeTarget section */
		F59022B11E84BB6F00728B9E /* mFIR */ = {
			isa = PBXNativeTarget;
			buildConfigurationList = F59022C41E84BB6F00728B9E /* Build configuration list for PBXNativeTarget "mFIR" */;
			buildPhases = (
				F59022AE1E84BB6F00728B9E /* Sources */,
				F59022AF1E84BB6F00728B9E /* Frameworks */,
				F59022B01E84BB6F00728B9E /* Resources */,
			);
			buildRules = (
			);
			dependencies = (
			);
			name = mFIR;
			productName = mFIR;
			productReference = F59022B21E84BB6F00728B9E /* mFIR.app */;
			productType = "com.apple.product-type.application";
		};
/* End PBXNativeTarget section */

/* Begin PBXProject section */
		F59022AA1E84BB6F00728B9E /* Project object */ = {
			isa = PBXProject;
			attributes = {
				LastSwiftUpdateCheck = 0820;
				LastUpgradeCheck = 0820;
				ORGANIZATIONNAME = poscantho;
				TargetAttributes = {
					F59022B11E84BB6F00728B9E = {
						CreatedOnToolsVersion = 8.2.1;
						DevelopmentTeam = W98345Q484;
						ProvisioningStyle = Automatic;
					};
				};
			};
			buildConfigurationList = F59022AD1E84BB6F00728B9E /* Build configuration list for PBXProject "mFIR" */;
			compatibilityVersion = "Xcode 3.2";
			developmentRegion = English;
			hasScannedForEncodings = 0;
			knownRegions = (
				en,
				Base,
			);
			mainGroup = F59022A91E84BB6F00728B9E;
			productRefGroup = F59022B31E84BB6F00728B9E /* Products */;
			projectDirPath = "";
			projectRoot = "";
			targets = (
				F59022B11E84BB6F00728B9E /* mFIR */,
			);
		};
/* End PBXProject section */

/* Begin PBXResourcesBuildPhase section */
		F59022B01E84BB6F00728B9E /* Resources */ = {
			isa = PBXResourcesBuildPhase;
			buildActionMask = 2147483647;
			files = (
				F59022C01E84BB6F00728B9E /* LaunchScreen.storyboard in Resources */,
				F59022BD1E84BB6F00728B9E /* Assets.xcassets in Resources */,
				F59022BB1E84BB6F00728B9E /* Main.storyboard in Resources */,
			);
			runOnlyForDeploymentPostprocessing = 0;
		};
/* End PBXResourcesBuildPhase section */

/* Begin PBXSourcesBuildPhase section */
		F59022AE1E84BB6F00728B9E /* Sources */ = {
			isa = PBXSourcesBuildPhase;
			buildActionMask = 2147483647;
			files = (
				F59022D21E84FDE000728B9E /* LoginViewController.swift in Sources */,
				F59022B81E84BB6F00728B9E /* ViewController.swift in Sources */,
				04BEB7F31E878437007BA84C /* Constants.swift in Sources */,
				0432BF5B1E877FF5002FF000 /* FacilityType.swift in Sources */,
				0432BF591E877FC8002FF000 /* Facility.swift in Sources */,
				04E809981E8892D500E5C7E0 /* PostParameter.swift in Sources */,
				0432BF5D1E878011002FF000 /* Instructor.swift in Sources */,
				04BEB7F51E8784DB007BA84C /* FirServices.swift in Sources */,
				F59022B61E84BB6F00728B9E /* AppDelegate.swift in Sources */,
				F59022D51E850C1000728B9E /* Uitls.swift in Sources */,
			);
			runOnlyForDeploymentPostprocessing = 0;
		};
/* End PBXSourcesBuildPhase section */

/* Begin PBXVariantGroup section */
		F59022B91E84BB6F00728B9E /* Main.storyboard */ = {
			isa = PBXVariantGroup;
			children = (
				F59022BA1E84BB6F00728B9E /* Base */,
			);
			name = Main.storyboard;
			sourceTree = "<group>";
		};
		F59022BE1E84BB6F00728B9E /* LaunchScreen.storyboard */ = {
			isa = PBXVariantGroup;
			children = (
				F59022BF1E84BB6F00728B9E /* Base */,
			);
			name = LaunchScreen.storyboard;
			sourceTree = "<group>";
		};
/* End PBXVariantGroup section */

/* Begin XCBuildConfiguration section */
		F59022C21E84BB6F00728B9E /* Debug */ = {
			isa = XCBuildConfiguration;
			buildSettings = {
				ALWAYS_SEARCH_USER_PATHS = NO;
				CLANG_ANALYZER_NONNULL = YES;
				CLANG_CXX_LANGUAGE_STANDARD = "gnu++0x";
				CLANG_CXX_LIBRARY = "libc++";
				CLANG_ENABLE_MODULES = YES;
				CLANG_ENABLE_OBJC_ARC = YES;
				CLANG_WARN_BOOL_CONVERSION = YES;
				CLANG_WARN_CONSTANT_CONVERSION = YES;
				CLANG_WARN_DIRECT_OBJC_ISA_USAGE = YES_ERROR;
				CLANG_WARN_DOCUMENTATION_COMMENTS = YES;
				CLANG_WARN_EMPTY_BODY = YES;
				CLANG_WARN_ENUM_CONVERSION = YES;
				CLANG_WARN_INFINITE_RECURSION = YES;
				CLANG_WARN_INT_CONVERSION = YES;
				CLANG_WARN_OBJC_ROOT_CLASS = YES_ERROR;
				CLANG_WARN_SUSPICIOUS_MOVE = YES;
				CLANG_WARN_UNREACHABLE_CODE = YES;
				CLANG_WARN__DUPLICATE_METHOD_MATCH = YES;
				"CODE_SIGN_IDENTITY[sdk=iphoneos*]" = "iPhone Developer";
				COPY_PHASE_STRIP = NO;
				DEBUG_INFORMATION_FORMAT = dwarf;
				ENABLE_STRICT_OBJC_MSGSEND = YES;
				ENABLE_TESTABILITY = YES;
				GCC_C_LANGUAGE_STANDARD = gnu99;
				GCC_DYNAMIC_NO_PIC = NO;
				GCC_NO_COMMON_BLOCKS = YES;
				GCC_OPTIMIZATION_LEVEL = 0;
				GCC_PREPROCESSOR_DEFINITIONS = (
					"DEBUG=1",
					"$(inherited)",
				);
				GCC_WARN_64_TO_32_BIT_CONVERSION = YES;
				GCC_WARN_ABOUT_RETURN_TYPE = YES_ERROR;
				GCC_WARN_UNDECLARED_SELECTOR = YES;
				GCC_WARN_UNINITIALIZED_AUTOS = YES_AGGRESSIVE;
				GCC_WARN_UNUSED_FUNCTION = YES;
				GCC_WARN_UNUSED_VARIABLE = YES;
				IPHONEOS_DEPLOYMENT_TARGET = 10.2;
				MTL_ENABLE_DEBUG_INFO = YES;
				ONLY_ACTIVE_ARCH = YES;
				SDKROOT = iphoneos;
				SWIFT_ACTIVE_COMPILATION_CONDITIONS = DEBUG;
				SWIFT_OPTIMIZATION_LEVEL = "-Onone";
			};
			name = Debug;
		};
		F59022C31E84BB6F00728B9E /* Release */ = {
			isa = XCBuildConfiguration;
			buildSettings = {
				ALWAYS_SEARCH_USER_PATHS = NO;
				CLANG_ANALYZER_NONNULL = YES;
				CLANG_CXX_LANGUAGE_STANDARD = "gnu++0x";
				CLANG_CXX_LIBRARY = "libc++";
				CLANG_ENABLE_MODULES = YES;
				CLANG_ENABLE_OBJC_ARC = YES;
				CLANG_WARN_BOOL_CONVERSION = YES;
				CLANG_WARN_CONSTANT_CONVERSION = YES;
				CLANG_WARN_DIRECT_OBJC_ISA_USAGE = YES_ERROR;
				CLANG_WARN_DOCUMENTATION_COMMENTS = YES;
				CLANG_WARN_EMPTY_BODY = YES;
				CLANG_WARN_ENUM_CONVERSION = YES;
				CLANG_WARN_INFINITE_RECURSION = YES;
				CLANG_WARN_INT_CONVERSION = YES;
				CLANG_WARN_OBJC_ROOT_CLASS = YES_ERROR;
				CLANG_WARN_SUSPICIOUS_MOVE = YES;
				CLANG_WARN_UNREACHABLE_CODE = YES;
				CLANG_WARN__DUPLICATE_METHOD_MATCH = YES;
				"CODE_SIGN_IDENTITY[sdk=iphoneos*]" = "iPhone Developer";
				COPY_PHASE_STRIP = NO;
				DEBUG_INFORMATION_FORMAT = "dwarf-with-dsym";
				ENABLE_NS_ASSERTIONS = NO;
				ENABLE_STRICT_OBJC_MSGSEND = YES;
				GCC_C_LANGUAGE_STANDARD = gnu99;
				GCC_NO_COMMON_BLOCKS = YES;
				GCC_WARN_64_TO_32_BIT_CONVERSION = YES;
				GCC_WARN_ABOUT_RETURN_TYPE = YES_ERROR;
				GCC_WARN_UNDECLARED_SELECTOR = YES;
				GCC_WARN_UNINITIALIZED_AUTOS = YES_AGGRESSIVE;
				GCC_WARN_UNUSED_FUNCTION = YES;
				GCC_WARN_UNUSED_VARIABLE = YES;
				IPHONEOS_DEPLOYMENT_TARGET = 10.2;
				MTL_ENABLE_DEBUG_INFO = NO;
				SDKROOT = iphoneos;
				SWIFT_OPTIMIZATION_LEVEL = "-Owholemodule";
				VALIDATE_PRODUCT = YES;
			};
			name = Release;
		};
		F59022C51E84BB6F00728B9E /* Debug */ = {
			isa = XCBuildConfiguration;
			buildSettings = {
				ASSETCATALOG_COMPILER_APPICON_NAME = AppIcon;
				DEVELOPMENT_TEAM = W98345Q484;
				INFOPLIST_FILE = mFIR/Info.plist;
				LD_RUNPATH_SEARCH_PATHS = "$(inherited) @executable_path/Frameworks";
				PRODUCT_BUNDLE_IDENTIFIER = poscantho.mFIR;
				PRODUCT_NAME = "$(TARGET_NAME)";
				SWIFT_VERSION = 3.0;
			};
			name = Debug;
		};
		F59022C61E84BB6F00728B9E /* Release */ = {
			isa = XCBuildConfiguration;
			buildSettings = {
				ASSETCATALOG_COMPILER_APPICON_NAME = AppIcon;
				DEVELOPMENT_TEAM = W98345Q484;
				INFOPLIST_FILE = mFIR/Info.plist;
				LD_RUNPATH_SEARCH_PATHS = "$(inherited) @executable_path/Frameworks";
				PRODUCT_BUNDLE_IDENTIFIER = poscantho.mFIR;
				PRODUCT_NAME = "$(TARGET_NAME)";
				SWIFT_VERSION = 3.0;
			};
			name = Release;
		};
/* End XCBuildConfiguration section */

/* Begin XCConfigurationList section */
		F59022AD1E84BB6F00728B9E /* Build configuration list for PBXProject "mFIR" */ = {
			isa = XCConfigurationList;
			buildConfigurations = (
				F59022C21E84BB6F00728B9E /* Debug */,
				F59022C31E84BB6F00728B9E /* Release */,
			);
			defaultConfigurationIsVisible = 0;
			defaultConfigurationName = Release;
		};
		F59022C41E84BB6F00728B9E /* Build configuration list for PBXNativeTarget "mFIR" */ = {
			isa = XCConfigurationList;
			buildConfigurations = (
				F59022C51E84BB6F00728B9E /* Debug */,
				F59022C61E84BB6F00728B9E /* Release */,
			);
			defaultConfigurationIsVisible = 0;
			defaultConfigurationName = Release;
		};
/* End XCConfigurationList section */
	};
	rootObject = F59022AA1E84BB6F00728B9E /* Project object */;
}
